// !$*UTF8*$!
{
	archiveVersion = 1;
	classes = {
	};
	objectVersion = 46;
	objects = {

/* Begin PBXBuildFile section */
		38E10FF41AE7D60E00FE26E9 /* main.m in Sources */ = {isa = PBXBuildFile; fileRef = 38E10FF31AE7D60E00FE26E9 /* main.m */; };
		38E10FF71AE7D60E00FE26E9 /* AppDelegate.m in Sources */ = {isa = PBXBuildFile; fileRef = 38E10FF61AE7D60E00FE26E9 /* AppDelegate.m */; };
		38E10FFA1AE7D60E00FE26E9 /* ViewController.m in Sources */ = {isa = PBXBuildFile; fileRef = 38E10FF91AE7D60E00FE26E9 /* ViewController.m */; };
		38E10FFD1AE7D60E00FE26E9 /* Main.storyboard in Resources */ = {isa = PBXBuildFile; fileRef = 38E10FFB1AE7D60E00FE26E9 /* Main.storyboard */; };
		38E10FFF1AE7D60E00FE26E9 /* Images.xcassets in Resources */ = {isa = PBXBuildFile; fileRef = 38E10FFE1AE7D60E00FE26E9 /* Images.xcassets */; };
		38E110021AE7D60E00FE26E9 /* LaunchScreen.xib in Resources */ = {isa = PBXBuildFile; fileRef = 38E110001AE7D60E00FE26E9 /* LaunchScreen.xib */; };
		38E1100E1AE7D60E00FE26E9 /* KitchenSinkTests.m in Sources */ = {isa = PBXBuildFile; fileRef = 38E1100D1AE7D60E00FE26E9 /* KitchenSinkTests.m */; };
		38E110191AE7D94600FE26E9 /* TIYAddition.m in Sources */ = {isa = PBXBuildFile; fileRef = 38E110181AE7D94600FE26E9 /* TIYAddition.m */; };
		38E1101A1AE7D94600FE26E9 /* TIYAddition.m in Sources */ = {isa = PBXBuildFile; fileRef = 38E110181AE7D94600FE26E9 /* TIYAddition.m */; };
/* End PBXBuildFile section */

/* Begin PBXContainerItemProxy section */
		38E110081AE7D60E00FE26E9 /* PBXContainerItemProxy */ = {
			isa = PBXContainerItemProxy;
			containerPortal = 38E10FE61AE7D60E00FE26E9 /* Project object */;
			proxyType = 1;
			remoteGlobalIDString = 38E10FED1AE7D60E00FE26E9;
			remoteInfo = KitchenSink;
		};
/* End PBXContainerItemProxy section */

/* Begin PBXFileReference section */
		38E10FEE1AE7D60E00FE26E9 /* KitchenSink.app */ = {isa = PBXFileReference; explicitFileType = wrapper.application; includeInIndex = 0; path = KitchenSink.app; sourceTree = BUILT_PRODUCTS_DIR; };
		38E10FF21AE7D60E00FE26E9 /* Info.plist */ = {isa = PBXFileReference; lastKnownFileType = text.plist.xml; path = Info.plist; sourceTree = "<group>"; };
		38E10FF31AE7D60E00FE26E9 /* main.m */ = {isa = PBXFileReference; lastKnownFileType = sourcecode.c.objc; path = main.m; sourceTree = "<group>"; };
		38E10FF51AE7D60E00FE26E9 /* AppDelegate.h */ = {isa = PBXFileReference; lastKnownFileType = sourcecode.c.h; path = AppDelegate.h; sourceTree = "<group>"; };
		38E10FF61AE7D60E00FE26E9 /* AppDelegate.m */ = {isa = PBXFileReference; lastKnownFileType = sourcecode.c.objc; path = AppDelegate.m; sourceTree = "<group>"; };
		38E10FF81AE7D60E00FE26E9 /* ViewController.h */ = {isa = PBXFileReference; lastKnownFileType = sourcecode.c.h; path = ViewController.h; sourceTree = "<group>"; };
		38E10FF91AE7D60E00FE26E9 /* ViewController.m */ = {isa = PBXFileReference; lastKnownFileType = sourcecode.c.objc; path = ViewController.m; sourceTree = "<group>"; };
		38E10FFC1AE7D60E00FE26E9 /* Base */ = {isa = PBXFileReference; lastKnownFileType = file.storyboard; name = Base; path = Base.lproj/Main.storyboard; sourceTree = "<group>"; };
		38E10FFE1AE7D60E00FE26E9 /* Images.xcassets */ = {isa = PBXFileReference; lastKnownFileType = folder.assetcatalog; path = Images.xcassets; sourceTree = "<group>"; };
		38E110011AE7D60E00FE26E9 /* Base */ = {isa = PBXFileReference; lastKnownFileType = file.xib; name = Base; path = Base.lproj/LaunchScreen.xib; sourceTree = "<group>"; };
		38E110071AE7D60E00FE26E9 /* KitchenSinkTests.xctest */ = {isa = PBXFileReference; explicitFileType = wrapper.cfbundle; includeInIndex = 0; path = KitchenSinkTests.xctest; sourceTree = BUILT_PRODUCTS_DIR; };
		38E1100C1AE7D60E00FE26E9 /* Info.plist */ = {isa = PBXFileReference; lastKnownFileType = text.plist.xml; path = Info.plist; sourceTree = "<group>"; };
		38E1100D1AE7D60E00FE26E9 /* KitchenSinkTests.m */ = {isa = PBXFileReference; lastKnownFileType = sourcecode.c.objc; path = KitchenSinkTests.m; sourceTree = "<group>"; };
		38E110171AE7D94600FE26E9 /* TIYAddition.h */ = {isa = PBXFileReference; fileEncoding = 4; lastKnownFileType = sourcecode.c.h; path = TIYAddition.h; sourceTree = "<group>"; };
		38E110181AE7D94600FE26E9 /* TIYAddition.m */ = {isa = PBXFileReference; fileEncoding = 4; lastKnownFileType = sourcecode.c.objc; path = TIYAddition.m; sourceTree = "<group>"; };
/* End PBXFileReference section */

/* Begin PBXFrameworksBuildPhase section */
		38E10FEB1AE7D60E00FE26E9 /* Frameworks */ = {
			isa = PBXFrameworksBuildPhase;
			buildActionMask = 2147483647;
			files = (
			);
			runOnlyForDeploymentPostprocessing = 0;
		};
		38E110041AE7D60E00FE26E9 /* Frameworks */ = {
			isa = PBXFrameworksBuildPhase;
			buildActionMask = 2147483647;
			files = (
			);
			runOnlyForDeploymentPostprocessing = 0;
		};
/* End PBXFrameworksBuildPhase section */

/* Begin PBXGroup section */
		38E10FE51AE7D60E00FE26E9 = {
			isa = PBXGroup;
			children = (
				38E10FF01AE7D60E00FE26E9 /* KitchenSink */,
				38E1100A1AE7D60E00FE26E9 /* KitchenSinkTests */,
				38E10FEF1AE7D60E00FE26E9 /* Products */,
			);
			sourceTree = "<group>";
		};
		38E10FEF1AE7D60E00FE26E9 /* Products */ = {
			isa = PBXGroup;
			children = (
				38E10FEE1AE7D60E00FE26E9 /* KitchenSink.app */,
				38E110071AE7D60E00FE26E9 /* KitchenSinkTests.xctest */,
			);
			name = Products;
			sourceTree = "<group>";
		};
		38E10FF01AE7D60E00FE26E9 /* KitchenSink */ = {
			isa = PBXGroup;
			children = (
				38E10FF51AE7D60E00FE26E9 /* AppDelegate.h */,
				38E10FF61AE7D60E00FE26E9 /* AppDelegate.m */,
				38E10FF81AE7D60E00FE26E9 /* ViewController.h */,
				38E10FF91AE7D60E00FE26E9 /* ViewController.m */,
				38E10FFB1AE7D60E00FE26E9 /* Main.storyboard */,
				38E10FFE1AE7D60E00FE26E9 /* Images.xcassets */,
				38E110001AE7D60E00FE26E9 /* LaunchScreen.xib */,
				38E10FF11AE7D60E00FE26E9 /* Supporting Files */,
				38E110171AE7D94600FE26E9 /* TIYAddition.h */,
				38E110181AE7D94600FE26E9 /* TIYAddition.m */,
			);
			path = KitchenSink;
			sourceTree = "<group>";
		};
		38E10FF11AE7D60E00FE26E9 /* Supporting Files */ = {
			isa = PBXGroup;
			children = (
				38E10FF21AE7D60E00FE26E9 /* Info.plist */,
				38E10FF31AE7D60E00FE26E9 /* main.m */,
			);
			name = "Supporting Files";
			sourceTree = "<group>";
		};
		38E1100A1AE7D60E00FE26E9 /* KitchenSinkTests */ = {
			isa = PBXGroup;
			children = (
				38E1100D1AE7D60E00FE26E9 /* KitchenSinkTests.m */,
				38E1100B1AE7D60E00FE26E9 /* Supporting Files */,
			);
			path = KitchenSinkTests;
			sourceTree = "<group>";
		};
		38E1100B1AE7D60E00FE26E9 /* Supporting Files */ = {
			isa = PBXGroup;
			children = (
				38E1100C1AE7D60E00FE26E9 /* Info.plist */,
			);
			name = "Supporting Files";
			sourceTree = "<group>";
		};
/* End PBXGroup section */

/* Begin PBXNativeTarget section */
		38E10FED1AE7D60E00FE26E9 /* KitchenSink */ = {
			isa = PBXNativeTarget;
			buildConfigurationList = 38E110111AE7D60E00FE26E9 /* Build configuration list for PBXNativeTarget "KitchenSink" */;
			buildPhases = (
				38E10FEA1AE7D60E00FE26E9 /* Sources */,
				38E10FEB1AE7D60E00FE26E9 /* Frameworks */,
				38E10FEC1AE7D60E00FE26E9 /* Resources */,
			);
			buildRules = (
			);
			dependencies = (
			);
			name = KitchenSink;
			productName = KitchenSink;
			productReference = 38E10FEE1AE7D60E00FE26E9 /* KitchenSink.app */;
			productType = "com.apple.product-type.application";
		};
		38E110061AE7D60E00FE26E9 /* KitchenSinkTests */ = {
			isa = PBXNativeTarget;
			buildConfigurationList = 38E110141AE7D60E00FE26E9 /* Build configuration list for PBXNativeTarget "KitchenSinkTests" */;
			buildPhases = (
				38E110031AE7D60E00FE26E9 /* Sources */,
				38E110041AE7D60E00FE26E9 /* Frameworks */,
				38E110051AE7D60E00FE26E9 /* Resources */,
			);
			buildRules = (
			);
			dependencies = (
				38E110091AE7D60E00FE26E9 /* PBXTargetDependency */,
			);
			name = KitchenSinkTests;
			productName = KitchenSinkTests;
			productReference = 38E110071AE7D60E00FE26E9 /* KitchenSinkTests.xctest */;
			productType = "com.apple.product-type.bundle.unit-test";
		};
/* End PBXNativeTarget section */

/* Begin PBXProject section */
		38E10FE61AE7D60E00FE26E9 /* Project object */ = {
			isa = PBXProject;
			attributes = {
				LastUpgradeCheck = 0630;
				ORGANIZATIONNAME = JMD;
				TargetAttributes = {
					38E10FED1AE7D60E00FE26E9 = {
						CreatedOnToolsVersion = 6.3;
					};
					38E110061AE7D60E00FE26E9 = {
						CreatedOnToolsVersion = 6.3;
						TestTargetID = 38E10FED1AE7D60E00FE26E9;
					};
				};
			};
			buildConfigurationList = 38E10FE91AE7D60E00FE26E9 /* Build configuration list for PBXProject "KitchenSink" */;
			compatibilityVersion = "Xcode 3.2";
			developmentRegion = English;
			hasScannedForEncodings = 0;
			knownRegions = (
				en,
				Base,
			);
			mainGroup = 38E10FE51AE7D60E00FE26E9;
			productRefGroup = 38E10FEF1AE7D60E00FE26E9 /* Products */;
			projectDirPath = "";
			projectRoot = "";
			targets = (
				38E10FED1AE7D60E00FE26E9 /* KitchenSink */,
				38E110061AE7D60E00FE26E9 /* KitchenSinkTests */,
			);
		};
/* End PBXProject section */

/* Begin PBXResourcesBuildPhase section */
		38E10FEC1AE7D60E00FE26E9 /* Resources */ = {
			isa = PBXResourcesBuildPhase;
			buildActionMask = 2147483647;
			files = (
				38E10FFD1AE7D60E00FE26E9 /* Main.storyboard in Resources */,
				38E110021AE7D60E00FE26E9 /* LaunchScreen.xib in Resources */,
				38E10FFF1AE7D60E00FE26E9 /* Images.xcassets in Resources */,
			);
			runOnlyForDeploymentPostprocessing = 0;
		};
		38E110051AE7D60E00FE26E9 /* Resources */ = {
			isa = PBXResourcesBuildPhase;
			buildActionMask = 2147483647;
			files = (
			);
			runOnlyForDeploymentPostprocessing = 0;
		};
/* End PBXResourcesBuildPhase section */

/* Begin PBXSourcesBuildPhase section */
		38E10FEA1AE7D60E00FE26E9 /* Sources */ = {
			isa = PBXSourcesBuildPhase;
			buildActionMask = 2147483647;
			files = (
				38E10FFA1AE7D60E00FE26E9 /* ViewController.m in Sources */,
				38E10FF71AE7D60E00FE26E9 /* AppDelegate.m in Sources */,
				38E110191AE7D94600FE26E9 /* TIYAddition.m in Sources */,
				38E10FF41AE7D60E00FE26E9 /* main.m in Sources */,
			);
			runOnlyForDeploymentPostprocessing = 0;
		};
		38E110031AE7D60E00FE26E9 /* Sources */ = {
			isa = PBXSourcesBuildPhase;
			buildActionMask = 2147483647;
			files = (
				38E1101A1AE7D94600FE26E9 /* TIYAddition.m in Sources */,
				38E1100E1AE7D60E00FE26E9 /* KitchenSinkTests.m in Sources */,
			);
			runOnlyForDeploymentPostprocessing = 0;
		};
/* End PBXSourcesBuildPhase section */

/* Begin PBXTargetDependency section */
		38E110091AE7D60E00FE26E9 /* PBXTargetDependency */ = {
			isa = PBXTargetDependency;
			target = 38E10FED1AE7D60E00FE26E9 /* KitchenSink */;
			targetProxy = 38E110081AE7D60E00FE26E9 /* PBXContainerItemProxy */;
		};
/* End PBXTargetDependency section */

/* Begin PBXVariantGroup section */
		38E10FFB1AE7D60E00FE26E9 /* Main.storyboard */ = {
			isa = PBXVariantGroup;
			children = (
				38E10FFC1AE7D60E00FE26E9 /* Base */,
			);
			name = Main.storyboard;
			sourceTree = "<group>";
		};
		38E110001AE7D60E00FE26E9 /* LaunchScreen.xib */ = {
			isa = PBXVariantGroup;
			children = (
				38E110011AE7D60E00FE26E9 /* Base */,
			);
			name = LaunchScreen.xib;
			sourceTree = "<group>";
		};
/* End PBXVariantGroup section */

/* Begin XCBuildConfiguration section */
		38E1100F1AE7D60E00FE26E9 /* Debug */ = {
			isa = XCBuildConfiguration;
			buildSettings = {
				ALWAYS_SEARCH_USER_PATHS = NO;
				CLANG_CXX_LANGUAGE_STANDARD = "gnu++0x";
				CLANG_CXX_LIBRARY = "libc++";
				CLANG_ENABLE_MODULES = YES;
				CLANG_ENABLE_OBJC_ARC = YES;
				CLANG_WARN_BOOL_CONVERSION = YES;
				CLANG_WARN_CONSTANT_CONVERSION = YES;
				CLANG_WARN_DIRECT_OBJC_ISA_USAGE = YES_ERROR;
				CLANG_WARN_EMPTY_BODY = YES;
				CLANG_WARN_ENUM_CONVERSION = YES;
				CLANG_WARN_INT_CONVERSION = YES;
				CLANG_WARN_OBJC_ROOT_CLASS = YES_ERROR;
				CLANG_WARN_UNREACHABLE_CODE = YES;
				CLANG_WARN__DUPLICATE_METHOD_MATCH = YES;
				"CODE_SIGN_IDENTITY[sdk=iphoneos*]" = "iPhone Developer";
				COPY_PHASE_STRIP = NO;
				DEBUG_INFORMATION_FORMAT = "dwarf-with-dsym";
				ENABLE_STRICT_OBJC_MSGSEND = YES;
				GCC_C_LANGUAGE_STANDARD = gnu99;
				GCC_DYNAMIC_NO_PIC = NO;
				GCC_NO_COMMON_BLOCKS = YES;
				GCC_OPTIMIZATION_LEVEL = 0;
				GCC_PREPROCESSOR_DEFINITIONS = (
					"DEBUG=1",
					"$(inherited)",
				);
				GCC_SYMBOLS_PRIVATE_EXTERN = NO;
				GCC_WARN_64_TO_32_BIT_CONVERSION = YES;
				GCC_WARN_ABOUT_RETURN_TYPE = YES_ERROR;
				GCC_WARN_UNDECLARED_SELECTOR = YES;
				GCC_WARN_UNINITIALIZED_AUTOS = YES_AGGRESSIVE;
				GCC_WARN_UNUSED_FUNCTION = YES;
				GCC_WARN_UNUSED_VARIABLE = YES;
				IPHONEOS_DEPLOYMENT_TARGET = 8.3;
				MTL_ENABLE_DEBUG_INFO = YES;
				ONLY_ACTIVE_ARCH = YES;
				SDKROOT = iphoneos;
				TARGETED_DEVICE_FAMILY = "1,2";
			};
			name = Debug;
		};
		38E110101AE7D60E00FE26E9 /* Release */ = {
			isa = XCBuildConfiguration;
			buildSettings = {
				ALWAYS_SEARCH_USER_PATHS = NO;
				CLANG_CXX_LANGUAGE_STANDARD = "gnu++0x";
				CLANG_CXX_LIBRARY = "libc++";
				CLANG_ENABLE_MODULES = YES;
				CLANG_ENABLE_OBJC_ARC = YES;
				CLANG_WARN_BOOL_CONVERSION = YES;
				CLANG_WARN_CONSTANT_CONVERSION = YES;
				CLANG_WARN_DIRECT_OBJC_ISA_USAGE = YES_ERROR;
				CLANG_WARN_EMPTY_BODY = YES;
				CLANG_WARN_ENUM_CONVERSION = YES;
				CLANG_WARN_INT_CONVERSION = YES;
				CLANG_WARN_OBJC_ROOT_CLASS = YES_ERROR;
				CLANG_WARN_UNREACHABLE_CODE = YES;
				CLANG_WARN__DUPLICATE_METHOD_MATCH = YES;
				"CODE_SIGN_IDENTITY[sdk=iphoneos*]" = "iPhone Developer";
				COPY_PHASE_STRIP = NO;
				DEBUG_INFORMATION_FORMAT = "dwarf-with-dsym";
				ENABLE_NS_ASSERTIONS = NO;
				ENABLE_STRICT_OBJC_MSGSEND = YES;
				GCC_C_LANGUAGE_STANDARD = gnu99;
				GCC_NO_COMMON_BLOCKS = YES;
				GCC_WARN_64_TO_32_BIT_CONVERSION = YES;
				GCC_WARN_ABOUT_RETURN_TYPE = YES_ERROR;
				GCC_WARN_UNDECLARED_SELECTOR = YES;
				GCC_WARN_UNINITIALIZED_AUTOS = YES_AGGRESSIVE;
				GCC_WARN_UNUSED_FUNCTION = YES;
				GCC_WARN_UNUSED_VARIABLE = YES;
				IPHONEOS_DEPLOYMENT_TARGET = 8.3;
				MTL_ENABLE_DEBUG_INFO = NO;
				SDKROOT = iphoneos;
				TARGETED_DEVICE_FAMILY = "1,2";
				VALIDATE_PRODUCT = YES;
			};
			name = Release;
		};
		38E110121AE7D60E00FE26E9 /* Debug */ = {
			isa = XCBuildConfiguration;
			buildSettings = {
				ASSETCATALOG_COMPILER_APPICON_NAME = AppIcon;
				INFOPLIST_FILE = KitchenSink/Info.plist;
				LD_RUNPATH_SEARCH_PATHS = "$(inherited) @executable_path/Frameworks";
				PRODUCT_NAME = "$(TARGET_NAME)";
			};
			name = Debug;
		};
		38E110131AE7D60E00FE26E9 /* Release */ = {
			isa = XCBuildConfiguration;
			buildSettings = {
				ASSETCATALOG_COMPILER_APPICON_NAME = AppIcon;
				INFOPLIST_FILE = KitchenSink/Info.plist;
				LD_RUNPATH_SEARCH_PATHS = "$(inherited) @executable_path/Frameworks";
				PRODUCT_NAME = "$(TARGET_NAME)";
			};
			name = Release;
		};
		38E110151AE7D60E00FE26E9 /* Debug */ = {
			isa = XCBuildConfiguration;
			buildSettings = {
				BUNDLE_LOADER = "$(TEST_HOST)";
				FRAMEWORK_SEARCH_PATHS = (
					"$(SDKROOT)/Developer/Library/Frameworks",
					"$(inherited)",
				);
				GCC_PREPROCESSOR_DEFINITIONS = (
					"DEBUG=1",
					"$(inherited)",
				);
				INFOPLIST_FILE = KitchenSinkTests/Info.plist;
				LD_RUNPATH_SEARCH_PATHS = "$(inherited) @executable_path/Frameworks @loader_path/Frameworks";
				PRODUCT_NAME = "$(TARGET_NAME)";
				TEST_HOST = "$(BUILT_PRODUCTS_DIR)/KitchenSink.app/KitchenSink";
			};
			name = Debug;
		};
		38E110161AE7D60E00FE26E9 /* Release */ = {
			isa = XCBuildConfiguration;
			buildSettings = {
				BUNDLE_LOADER = "$(TEST_HOST)";
				FRAMEWORK_SEARCH_PATHS = (
					"$(SDKROOT)/Developer/Library/Frameworks",
					"$(inherited)",
				);
				INFOPLIST_FILE = KitchenSinkTests/Info.plist;
				LD_RUNPATH_SEARCH_PATHS = "$(inherited) @executable_path/Frameworks @loader_path/Frameworks";
				PRODUCT_NAME = "$(TARGET_NAME)";
				TEST_HOST = "$(BUILT_PRODUCTS_DIR)/KitchenSink.app/KitchenSink";
			};
			name = Release;
		};
/* End XCBuildConfiguration section */

/* Begin XCConfigurationList section */
		38E10FE91AE7D60E00FE26E9 /* Build configuration list for PBXProject "KitchenSink" */ = {
			isa = XCConfigurationList;
			buildConfigurations = (
				38E1100F1AE7D60E00FE26E9 /* Debug */,
				38E110101AE7D60E00FE26E9 /* Release */,
			);
			defaultConfigurationIsVisible = 0;
			defaultConfigurationName = Release;
		};
		38E110111AE7D60E00FE26E9 /* Build configuration list for PBXNativeTarget "KitchenSink" */ = {
			isa = XCConfigurationList;
			buildConfigurations = (
				38E110121AE7D60E00FE26E9 /* Debug */,
				38E110131AE7D60E00FE26E9 /* Release */,
			);
			defaultConfigurationIsVisible = 0;
		};
		38E110141AE7D60E00FE26E9 /* Build configuration list for PBXNativeTarget "KitchenSinkTests" */ = {
			isa = XCConfigurationList;
			buildConfigurations = (
				38E110151AE7D60E00FE26E9 /* Debug */,
				38E110161AE7D60E00FE26E9 /* Release */,
			);
			defaultConfigurationIsVisible = 0;
		};
/* End XCConfigurationList section */
	};
	rootObject = 38E10FE61AE7D60E00FE26E9 /* Project object */;
}
