// !$*UTF8*$!
{
	archiveVersion = 1;
	classes = {
	};
	objectVersion = 46;
	objects = {

/* Begin PBXBuildFile section */
		385305651AC355B5009822C9 /* main.m in Sources */ = {isa = PBXBuildFile; fileRef = 385305641AC355B5009822C9 /* main.m */; };
		385305681AC355B5009822C9 /* AppDelegate.m in Sources */ = {isa = PBXBuildFile; fileRef = 385305671AC355B5009822C9 /* AppDelegate.m */; };
		3853056E1AC355B5009822C9 /* Main.storyboard in Resources */ = {isa = PBXBuildFile; fileRef = 3853056C1AC355B5009822C9 /* Main.storyboard */; };
		385305701AC355B5009822C9 /* Images.xcassets in Resources */ = {isa = PBXBuildFile; fileRef = 3853056F1AC355B5009822C9 /* Images.xcassets */; };
		385305731AC355B5009822C9 /* LaunchScreen.xib in Resources */ = {isa = PBXBuildFile; fileRef = 385305711AC355B5009822C9 /* LaunchScreen.xib */; };
		3853057F1AC355B6009822C9 /* CarFinderTests.m in Sources */ = {isa = PBXBuildFile; fileRef = 3853057E1AC355B6009822C9 /* CarFinderTests.m */; };
		3853058A1AC35BF9009822C9 /* MapViewController.m in Sources */ = {isa = PBXBuildFile; fileRef = 385305891AC35BF9009822C9 /* MapViewController.m */; };
		3853058D1AC35FD9009822C9 /* Pin.m in Sources */ = {isa = PBXBuildFile; fileRef = 3853058C1AC35FD9009822C9 /* Pin.m */; };
/* End PBXBuildFile section */

/* Begin PBXContainerItemProxy section */
		385305791AC355B6009822C9 /* PBXContainerItemProxy */ = {
			isa = PBXContainerItemProxy;
			containerPortal = 385305571AC355B5009822C9 /* Project object */;
			proxyType = 1;
			remoteGlobalIDString = 3853055E1AC355B5009822C9;
			remoteInfo = CarFinder;
		};
/* End PBXContainerItemProxy section */

/* Begin PBXFileReference section */
		3853055F1AC355B5009822C9 /* CarFinder.app */ = {isa = PBXFileReference; explicitFileType = wrapper.application; includeInIndex = 0; path = CarFinder.app; sourceTree = BUILT_PRODUCTS_DIR; };
		385305631AC355B5009822C9 /* Info.plist */ = {isa = PBXFileReference; lastKnownFileType = text.plist.xml; path = Info.plist; sourceTree = "<group>"; };
		385305641AC355B5009822C9 /* main.m */ = {isa = PBXFileReference; lastKnownFileType = sourcecode.c.objc; path = main.m; sourceTree = "<group>"; };
		385305661AC355B5009822C9 /* AppDelegate.h */ = {isa = PBXFileReference; lastKnownFileType = sourcecode.c.h; path = AppDelegate.h; sourceTree = "<group>"; };
		385305671AC355B5009822C9 /* AppDelegate.m */ = {isa = PBXFileReference; lastKnownFileType = sourcecode.c.objc; path = AppDelegate.m; sourceTree = "<group>"; };
		3853056D1AC355B5009822C9 /* Base */ = {isa = PBXFileReference; lastKnownFileType = file.storyboard; name = Base; path = Base.lproj/Main.storyboard; sourceTree = "<group>"; };
		3853056F1AC355B5009822C9 /* Images.xcassets */ = {isa = PBXFileReference; lastKnownFileType = folder.assetcatalog; path = Images.xcassets; sourceTree = "<group>"; };
		385305721AC355B5009822C9 /* Base */ = {isa = PBXFileReference; lastKnownFileType = file.xib; name = Base; path = Base.lproj/LaunchScreen.xib; sourceTree = "<group>"; };
		385305781AC355B6009822C9 /* CarFinderTests.xctest */ = {isa = PBXFileReference; explicitFileType = wrapper.cfbundle; includeInIndex = 0; path = CarFinderTests.xctest; sourceTree = BUILT_PRODUCTS_DIR; };
		3853057D1AC355B6009822C9 /* Info.plist */ = {isa = PBXFileReference; lastKnownFileType = text.plist.xml; path = Info.plist; sourceTree = "<group>"; };
		3853057E1AC355B6009822C9 /* CarFinderTests.m */ = {isa = PBXFileReference; lastKnownFileType = sourcecode.c.objc; path = CarFinderTests.m; sourceTree = "<group>"; };
		385305881AC35BF9009822C9 /* MapViewController.h */ = {isa = PBXFileReference; fileEncoding = 4; lastKnownFileType = sourcecode.c.h; path = MapViewController.h; sourceTree = "<group>"; };
		385305891AC35BF9009822C9 /* MapViewController.m */ = {isa = PBXFileReference; fileEncoding = 4; lastKnownFileType = sourcecode.c.objc; path = MapViewController.m; sourceTree = "<group>"; };
		3853058B1AC35FD9009822C9 /* Pin.h */ = {isa = PBXFileReference; fileEncoding = 4; lastKnownFileType = sourcecode.c.h; path = Pin.h; sourceTree = "<group>"; };
		3853058C1AC35FD9009822C9 /* Pin.m */ = {isa = PBXFileReference; fileEncoding = 4; lastKnownFileType = sourcecode.c.objc; path = Pin.m; sourceTree = "<group>"; };
/* End PBXFileReference section */

/* Begin PBXFrameworksBuildPhase section */
		3853055C1AC355B5009822C9 /* Frameworks */ = {
			isa = PBXFrameworksBuildPhase;
			buildActionMask = 2147483647;
			files = (
			);
			runOnlyForDeploymentPostprocessing = 0;
		};
		385305751AC355B6009822C9 /* Frameworks */ = {
			isa = PBXFrameworksBuildPhase;
			buildActionMask = 2147483647;
			files = (
			);
			runOnlyForDeploymentPostprocessing = 0;
		};
/* End PBXFrameworksBuildPhase section */

/* Begin PBXGroup section */
		385305561AC355B5009822C9 = {
			isa = PBXGroup;
			children = (
				385305611AC355B5009822C9 /* CarFinder */,
				3853057B1AC355B6009822C9 /* CarFinderTests */,
				385305601AC355B5009822C9 /* Products */,
			);
			sourceTree = "<group>";
		};
		385305601AC355B5009822C9 /* Products */ = {
			isa = PBXGroup;
			children = (
				3853055F1AC355B5009822C9 /* CarFinder.app */,
				385305781AC355B6009822C9 /* CarFinderTests.xctest */,
			);
			name = Products;
			sourceTree = "<group>";
		};
		385305611AC355B5009822C9 /* CarFinder */ = {
			isa = PBXGroup;
			children = (
				385305661AC355B5009822C9 /* AppDelegate.h */,
				385305671AC355B5009822C9 /* AppDelegate.m */,
				3853056C1AC355B5009822C9 /* Main.storyboard */,
				3853056F1AC355B5009822C9 /* Images.xcassets */,
				385305711AC355B5009822C9 /* LaunchScreen.xib */,
				385305621AC355B5009822C9 /* Supporting Files */,
				385305881AC35BF9009822C9 /* MapViewController.h */,
				385305891AC35BF9009822C9 /* MapViewController.m */,
				3853058B1AC35FD9009822C9 /* Pin.h */,
				3853058C1AC35FD9009822C9 /* Pin.m */,
			);
			path = CarFinder;
			sourceTree = "<group>";
		};
		385305621AC355B5009822C9 /* Supporting Files */ = {
			isa = PBXGroup;
			children = (
				385305631AC355B5009822C9 /* Info.plist */,
				385305641AC355B5009822C9 /* main.m */,
			);
			name = "Supporting Files";
			sourceTree = "<group>";
		};
		3853057B1AC355B6009822C9 /* CarFinderTests */ = {
			isa = PBXGroup;
			children = (
				3853057E1AC355B6009822C9 /* CarFinderTests.m */,
				3853057C1AC355B6009822C9 /* Supporting Files */,
			);
			path = CarFinderTests;
			sourceTree = "<group>";
		};
		3853057C1AC355B6009822C9 /* Supporting Files */ = {
			isa = PBXGroup;
			children = (
				3853057D1AC355B6009822C9 /* Info.plist */,
			);
			name = "Supporting Files";
			sourceTree = "<group>";
		};
/* End PBXGroup section */

/* Begin PBXNativeTarget section */
		3853055E1AC355B5009822C9 /* CarFinder */ = {
			isa = PBXNativeTarget;
			buildConfigurationList = 385305821AC355B6009822C9 /* Build configuration list for PBXNativeTarget "CarFinder" */;
			buildPhases = (
				3853055B1AC355B5009822C9 /* Sources */,
				3853055C1AC355B5009822C9 /* Frameworks */,
				3853055D1AC355B5009822C9 /* Resources */,
			);
			buildRules = (
			);
			dependencies = (
			);
			name = CarFinder;
			productName = CarFinder;
			productReference = 3853055F1AC355B5009822C9 /* CarFinder.app */;
			productType = "com.apple.product-type.application";
		};
		385305771AC355B6009822C9 /* CarFinderTests */ = {
			isa = PBXNativeTarget;
			buildConfigurationList = 385305851AC355B6009822C9 /* Build configuration list for PBXNativeTarget "CarFinderTests" */;
			buildPhases = (
				385305741AC355B6009822C9 /* Sources */,
				385305751AC355B6009822C9 /* Frameworks */,
				385305761AC355B6009822C9 /* Resources */,
			);
			buildRules = (
			);
			dependencies = (
				3853057A1AC355B6009822C9 /* PBXTargetDependency */,
			);
			name = CarFinderTests;
			productName = CarFinderTests;
			productReference = 385305781AC355B6009822C9 /* CarFinderTests.xctest */;
			productType = "com.apple.product-type.bundle.unit-test";
		};
/* End PBXNativeTarget section */

/* Begin PBXProject section */
		385305571AC355B5009822C9 /* Project object */ = {
			isa = PBXProject;
			attributes = {
				LastUpgradeCheck = 0610;
				ORGANIZATIONNAME = "The Iron Yard";
				TargetAttributes = {
					3853055E1AC355B5009822C9 = {
						CreatedOnToolsVersion = 6.1.1;
						DevelopmentTeam = 2SAHM37A3C;
					};
					385305771AC355B6009822C9 = {
						CreatedOnToolsVersion = 6.1.1;
						TestTargetID = 3853055E1AC355B5009822C9;
					};
				};
			};
			buildConfigurationList = 3853055A1AC355B5009822C9 /* Build configuration list for PBXProject "CarFinder" */;
			compatibilityVersion = "Xcode 3.2";
			developmentRegion = English;
			hasScannedForEncodings = 0;
			knownRegions = (
				en,
				Base,
			);
			mainGroup = 385305561AC355B5009822C9;
			productRefGroup = 385305601AC355B5009822C9 /* Products */;
			projectDirPath = "";
			projectRoot = "";
			targets = (
				3853055E1AC355B5009822C9 /* CarFinder */,
				385305771AC355B6009822C9 /* CarFinderTests */,
			);
		};
/* End PBXProject section */

/* Begin PBXResourcesBuildPhase section */
		3853055D1AC355B5009822C9 /* Resources */ = {
			isa = PBXResourcesBuildPhase;
			buildActionMask = 2147483647;
			files = (
				3853056E1AC355B5009822C9 /* Main.storyboard in Resources */,
				385305731AC355B5009822C9 /* LaunchScreen.xib in Resources */,
				385305701AC355B5009822C9 /* Images.xcassets in Resources */,
			);
			runOnlyForDeploymentPostprocessing = 0;
		};
		385305761AC355B6009822C9 /* Resources */ = {
			isa = PBXResourcesBuildPhase;
			buildActionMask = 2147483647;
			files = (
			);
			runOnlyForDeploymentPostprocessing = 0;
		};
/* End PBXResourcesBuildPhase section */

/* Begin PBXSourcesBuildPhase section */
		3853055B1AC355B5009822C9 /* Sources */ = {
			isa = PBXSourcesBuildPhase;
			buildActionMask = 2147483647;
			files = (
				3853058A1AC35BF9009822C9 /* MapViewController.m in Sources */,
				385305681AC355B5009822C9 /* AppDelegate.m in Sources */,
				385305651AC355B5009822C9 /* main.m in Sources */,
				3853058D1AC35FD9009822C9 /* Pin.m in Sources */,
			);
			runOnlyForDeploymentPostprocessing = 0;
		};
		385305741AC355B6009822C9 /* Sources */ = {
			isa = PBXSourcesBuildPhase;
			buildActionMask = 2147483647;
			files = (
				3853057F1AC355B6009822C9 /* CarFinderTests.m in Sources */,
			);
			runOnlyForDeploymentPostprocessing = 0;
		};
/* End PBXSourcesBuildPhase section */

/* Begin PBXTargetDependency section */
		3853057A1AC355B6009822C9 /* PBXTargetDependency */ = {
			isa = PBXTargetDependency;
			target = 3853055E1AC355B5009822C9 /* CarFinder */;
			targetProxy = 385305791AC355B6009822C9 /* PBXContainerItemProxy */;
		};
/* End PBXTargetDependency section */

/* Begin PBXVariantGroup section */
		3853056C1AC355B5009822C9 /* Main.storyboard */ = {
			isa = PBXVariantGroup;
			children = (
				3853056D1AC355B5009822C9 /* Base */,
			);
			name = Main.storyboard;
			sourceTree = "<group>";
		};
		385305711AC355B5009822C9 /* LaunchScreen.xib */ = {
			isa = PBXVariantGroup;
			children = (
				385305721AC355B5009822C9 /* Base */,
			);
			name = LaunchScreen.xib;
			sourceTree = "<group>";
		};
/* End PBXVariantGroup section */

/* Begin XCBuildConfiguration section */
		385305801AC355B6009822C9 /* Debug */ = {
			isa = XCBuildConfiguration;
			buildSettings = {
				ALWAYS_SEARCH_USER_PATHS = NO;
				CLANG_CXX_LANGUAGE_STANDARD = "gnu++0x";
				CLANG_CXX_LIBRARY = "libc++";
				CLANG_ENABLE_MODULES = YES;
				CLANG_ENABLE_OBJC_ARC = YES;
				CLANG_WARN_BOOL_CONVERSION = YES;
				CLANG_WARN_CONSTANT_CONVERSION = YES;
				CLANG_WARN_DIRECT_OBJC_ISA_USAGE = YES_ERROR;
				CLANG_WARN_EMPTY_BODY = YES;
				CLANG_WARN_ENUM_CONVERSION = YES;
				CLANG_WARN_INT_CONVERSION = YES;
				CLANG_WARN_OBJC_ROOT_CLASS = YES_ERROR;
				CLANG_WARN_UNREACHABLE_CODE = YES;
				CLANG_WARN__DUPLICATE_METHOD_MATCH = YES;
				"CODE_SIGN_IDENTITY[sdk=iphoneos*]" = "iPhone Developer";
				COPY_PHASE_STRIP = NO;
				ENABLE_STRICT_OBJC_MSGSEND = YES;
				GCC_C_LANGUAGE_STANDARD = gnu99;
				GCC_DYNAMIC_NO_PIC = NO;
				GCC_OPTIMIZATION_LEVEL = 0;
				GCC_PREPROCESSOR_DEFINITIONS = (
					"DEBUG=1",
					"$(inherited)",
				);
				GCC_SYMBOLS_PRIVATE_EXTERN = NO;
				GCC_WARN_64_TO_32_BIT_CONVERSION = YES;
				GCC_WARN_ABOUT_RETURN_TYPE = YES_ERROR;
				GCC_WARN_UNDECLARED_SELECTOR = YES;
				GCC_WARN_UNINITIALIZED_AUTOS = YES_AGGRESSIVE;
				GCC_WARN_UNUSED_FUNCTION = YES;
				GCC_WARN_UNUSED_VARIABLE = YES;
				IPHONEOS_DEPLOYMENT_TARGET = 8.1;
				MTL_ENABLE_DEBUG_INFO = YES;
				ONLY_ACTIVE_ARCH = YES;
				SDKROOT = iphoneos;
			};
			name = Debug;
		};
		385305811AC355B6009822C9 /* Release */ = {
			isa = XCBuildConfiguration;
			buildSettings = {
				ALWAYS_SEARCH_USER_PATHS = NO;
				CLANG_CXX_LANGUAGE_STANDARD = "gnu++0x";
				CLANG_CXX_LIBRARY = "libc++";
				CLANG_ENABLE_MODULES = YES;
				CLANG_ENABLE_OBJC_ARC = YES;
				CLANG_WARN_BOOL_CONVERSION = YES;
				CLANG_WARN_CONSTANT_CONVERSION = YES;
				CLANG_WARN_DIRECT_OBJC_ISA_USAGE = YES_ERROR;
				CLANG_WARN_EMPTY_BODY = YES;
				CLANG_WARN_ENUM_CONVERSION = YES;
				CLANG_WARN_INT_CONVERSION = YES;
				CLANG_WARN_OBJC_ROOT_CLASS = YES_ERROR;
				CLANG_WARN_UNREACHABLE_CODE = YES;
				CLANG_WARN__DUPLICATE_METHOD_MATCH = YES;
				"CODE_SIGN_IDENTITY[sdk=iphoneos*]" = "iPhone Developer";
				COPY_PHASE_STRIP = YES;
				ENABLE_NS_ASSERTIONS = NO;
				ENABLE_STRICT_OBJC_MSGSEND = YES;
				GCC_C_LANGUAGE_STANDARD = gnu99;
				GCC_WARN_64_TO_32_BIT_CONVERSION = YES;
				GCC_WARN_ABOUT_RETURN_TYPE = YES_ERROR;
				GCC_WARN_UNDECLARED_SELECTOR = YES;
				GCC_WARN_UNINITIALIZED_AUTOS = YES_AGGRESSIVE;
				GCC_WARN_UNUSED_FUNCTION = YES;
				GCC_WARN_UNUSED_VARIABLE = YES;
				IPHONEOS_DEPLOYMENT_TARGET = 8.1;
				MTL_ENABLE_DEBUG_INFO = NO;
				SDKROOT = iphoneos;
				VALIDATE_PRODUCT = YES;
			};
			name = Release;
		};
		385305831AC355B6009822C9 /* Debug */ = {
			isa = XCBuildConfiguration;
			buildSettings = {
				ASSETCATALOG_COMPILER_APPICON_NAME = AppIcon;
				CODE_SIGN_IDENTITY = "iPhone Developer";
				"CODE_SIGN_IDENTITY[sdk=iphoneos*]" = "iPhone Developer";
				INFOPLIST_FILE = CarFinder/Info.plist;
				LD_RUNPATH_SEARCH_PATHS = "$(inherited) @executable_path/Frameworks";
				PRODUCT_NAME = "$(TARGET_NAME)";
				PROVISIONING_PROFILE = "";
			};
			name = Debug;
		};
		385305841AC355B6009822C9 /* Release */ = {
			isa = XCBuildConfiguration;
			buildSettings = {
				ASSETCATALOG_COMPILER_APPICON_NAME = AppIcon;
				CODE_SIGN_IDENTITY = "iPhone Developer";
				"CODE_SIGN_IDENTITY[sdk=iphoneos*]" = "iPhone Developer";
				INFOPLIST_FILE = CarFinder/Info.plist;
				LD_RUNPATH_SEARCH_PATHS = "$(inherited) @executable_path/Frameworks";
				PRODUCT_NAME = "$(TARGET_NAME)";
				PROVISIONING_PROFILE = "";
			};
			name = Release;
		};
		385305861AC355B6009822C9 /* Debug */ = {
			isa = XCBuildConfiguration;
			buildSettings = {
				BUNDLE_LOADER = "$(TEST_HOST)";
				FRAMEWORK_SEARCH_PATHS = (
					"$(SDKROOT)/Developer/Library/Frameworks",
					"$(inherited)",
				);
				GCC_PREPROCESSOR_DEFINITIONS = (
					"DEBUG=1",
					"$(inherited)",
				);
				INFOPLIST_FILE = CarFinderTests/Info.plist;
				LD_RUNPATH_SEARCH_PATHS = "$(inherited) @executable_path/Frameworks @loader_path/Frameworks";
				PRODUCT_NAME = "$(TARGET_NAME)";
				TEST_HOST = "$(BUILT_PRODUCTS_DIR)/CarFinder.app/CarFinder";
			};
			name = Debug;
		};
		385305871AC355B6009822C9 /* Release */ = {
			isa = XCBuildConfiguration;
			buildSettings = {
				BUNDLE_LOADER = "$(TEST_HOST)";
				FRAMEWORK_SEARCH_PATHS = (
					"$(SDKROOT)/Developer/Library/Frameworks",
					"$(inherited)",
				);
				INFOPLIST_FILE = CarFinderTests/Info.plist;
				LD_RUNPATH_SEARCH_PATHS = "$(inherited) @executable_path/Frameworks @loader_path/Frameworks";
				PRODUCT_NAME = "$(TARGET_NAME)";
				TEST_HOST = "$(BUILT_PRODUCTS_DIR)/CarFinder.app/CarFinder";
			};
			name = Release;
		};
/* End XCBuildConfiguration section */

/* Begin XCConfigurationList section */
		3853055A1AC355B5009822C9 /* Build configuration list for PBXProject "CarFinder" */ = {
			isa = XCConfigurationList;
			buildConfigurations = (
				385305801AC355B6009822C9 /* Debug */,
				385305811AC355B6009822C9 /* Release */,
			);
			defaultConfigurationIsVisible = 0;
			defaultConfigurationName = Release;
		};
		385305821AC355B6009822C9 /* Build configuration list for PBXNativeTarget "CarFinder" */ = {
			isa = XCConfigurationList;
			buildConfigurations = (
				385305831AC355B6009822C9 /* Debug */,
				385305841AC355B6009822C9 /* Release */,
			);
			defaultConfigurationIsVisible = 0;
			defaultConfigurationName = Release;
		};
		385305851AC355B6009822C9 /* Build configuration list for PBXNativeTarget "CarFinderTests" */ = {
			isa = XCConfigurationList;
			buildConfigurations = (
				385305861AC355B6009822C9 /* Debug */,
				385305871AC355B6009822C9 /* Release */,
			);
			defaultConfigurationIsVisible = 0;
			defaultConfigurationName = Release;
		};
/* End XCConfigurationList section */
	};
	rootObject = 385305571AC355B5009822C9 /* Project object */;
}
